
Microsoft Visual Studio Solution File, Format Version 12.00
# Visual Studio Version 17
VisualStudioVersion = 17.5.002.0
MinimumVisualStudioVersion = 10.0.40219.1
Project("{9A19103F-16F7-4668-BE54-9A1E7A4F7556}") = "b", "b.csproj", "{57BA3BB8-4023-490D-956F-4A2A1D0A4A85}"
EndProject
Global
	GlobalSection(SolutionConfigurationPlatforms) = preSolution
		Debug|Any CPU = Debug|Any CPU
		Release|Any CPU = Release|Any CPU
	EndGlobalSection
	GlobalSection(ProjectConfigurationPlatforms) = postSolution
		{57BA3BB8-4023-490D-956F-4A2A1D0A4A85}.Debug|Any CPU.ActiveCfg = Debug|Any CPU
		{57BA3BB8-4023-490D-956F-4A2A1D0A4A85}.Debug|Any CPU.Build.0 = Debug|Any CPU
		{57BA3BB8-4023-490D-956F-4A2A1D0A4A85}.Release|Any CPU.ActiveCfg = Release|Any CPU
		{57BA3BB8-4023-490D-956F-4A2A1D0A4A85}.Release|Any CPU.Build.0 = Release|Any CPU
	EndGlobalSection
	GlobalSection(SolutionProperties) = preSolution
		HideSolutionNode = FALSE
	EndGlobalSection
	GlobalSection(ExtensibilityGlobals) = postSolution
		SolutionGuid = {86729E3C-5E2A-4922-BAEF-D42B7C9ABA3D}
	EndGlobalSection
EndGlobal
