
Microsoft Visual Studio Solution File, Format Version 12.00
# Visual Studio Version 17
VisualStudioVersion = 17.5.002.0
MinimumVisualStudioVersion = 10.0.40219.1
Project("{9A19103F-16F7-4668-BE54-9A1E7A4F7556}") = "a", "a.csproj", "{CE2285EA-C5D4-4355-A622-7E75F33B528A}"
EndProject
Global
	GlobalSection(SolutionConfigurationPlatforms) = preSolution
		Debug|Any CPU = Debug|Any CPU
		Release|Any CPU = Release|Any CPU
	EndGlobalSection
	GlobalSection(ProjectConfigurationPlatforms) = postSolution
		{CE2285EA-C5D4-4355-A622-7E75F33B528A}.Debug|Any CPU.ActiveCfg = Debug|Any CPU
		{CE2285EA-C5D4-4355-A622-7E75F33B528A}.Debug|Any CPU.Build.0 = Debug|Any CPU
		{CE2285EA-C5D4-4355-A622-7E75F33B528A}.Release|Any CPU.ActiveCfg = Release|Any CPU
		{CE2285EA-C5D4-4355-A622-7E75F33B528A}.Release|Any CPU.Build.0 = Release|Any CPU
	EndGlobalSection
	GlobalSection(SolutionProperties) = preSolution
		HideSolutionNode = FALSE
	EndGlobalSection
	GlobalSection(ExtensibilityGlobals) = postSolution
		SolutionGuid = {2598B345-F5C6-4026-AA74-CB5184D994BD}
	EndGlobalSection
EndGlobal
