
Microsoft Visual Studio Solution File, Format Version 12.00
# Visual Studio Version 17
VisualStudioVersion = 17.5.002.0
MinimumVisualStudioVersion = 10.0.40219.1
Project("{9A19103F-16F7-4668-BE54-9A1E7A4F7556}") = "c", "c.csproj", "{F3EFB8AF-3694-42BC-8F6A-585526A454BF}"
EndProject
Global
	GlobalSection(SolutionConfigurationPlatforms) = preSolution
		Debug|Any CPU = Debug|Any CPU
		Release|Any CPU = Release|Any CPU
	EndGlobalSection
	GlobalSection(ProjectConfigurationPlatforms) = postSolution
		{F3EFB8AF-3694-42BC-8F6A-585526A454BF}.Debug|Any CPU.ActiveCfg = Debug|Any CPU
		{F3EFB8AF-3694-42BC-8F6A-585526A454BF}.Debug|Any CPU.Build.0 = Debug|Any CPU
		{F3EFB8AF-3694-42BC-8F6A-585526A454BF}.Release|Any CPU.ActiveCfg = Release|Any CPU
		{F3EFB8AF-3694-42BC-8F6A-585526A454BF}.Release|Any CPU.Build.0 = Release|Any CPU
	EndGlobalSection
	GlobalSection(SolutionProperties) = preSolution
		HideSolutionNode = FALSE
	EndGlobalSection
	GlobalSection(ExtensibilityGlobals) = postSolution
		SolutionGuid = {11B86E29-16A8-4EE1-8CDB-552841524A51}
	EndGlobalSection
EndGlobal
