
Microsoft Visual Studio Solution File, Format Version 12.00
# Visual Studio Version 17
VisualStudioVersion = 17.5.002.0
MinimumVisualStudioVersion = 10.0.40219.1
Project("{9A19103F-16F7-4668-BE54-9A1E7A4F7556}") = "a", "a.csproj", "{1DC4F448-1FBD-4016-9C38-24021C176ADB}"
EndProject
Global
	GlobalSection(SolutionConfigurationPlatforms) = preSolution
		Debug|Any CPU = Debug|Any CPU
		Release|Any CPU = Release|Any CPU
	EndGlobalSection
	GlobalSection(ProjectConfigurationPlatforms) = postSolution
		{1DC4F448-1FBD-4016-9C38-24021C176ADB}.Debug|Any CPU.ActiveCfg = Debug|Any CPU
		{1DC4F448-1FBD-4016-9C38-24021C176ADB}.Debug|Any CPU.Build.0 = Debug|Any CPU
		{1DC4F448-1FBD-4016-9C38-24021C176ADB}.Release|Any CPU.ActiveCfg = Release|Any CPU
		{1DC4F448-1FBD-4016-9C38-24021C176ADB}.Release|Any CPU.Build.0 = Release|Any CPU
	EndGlobalSection
	GlobalSection(SolutionProperties) = preSolution
		HideSolutionNode = FALSE
	EndGlobalSection
	GlobalSection(ExtensibilityGlobals) = postSolution
		SolutionGuid = {6A47FBA0-4597-4CFC-8D8A-524FBFF191F8}
	EndGlobalSection
EndGlobal
